
Microsoft Visual Studio Solution File, Format Version 12.00
# Visual Studio Version 16
VisualStudioVersion = 16.0.28822.285
MinimumVisualStudioVersion = 10.0.40219.1
Project("{FAE04EC0-301F-11D3-BF4B-00C04F79EFBC}") = "Практическая №8", "Практическая №8\Практическая №8.csproj", "{6D199FB0-1C63-4869-B960-2BF759211370}"
EndProject
Global
	GlobalSection(SolutionConfigurationPlatforms) = preSolution
		Debug|Any CPU = Debug|Any CPU
		Release|Any CPU = Release|Any CPU
	EndGlobalSection
	GlobalSection(ProjectConfigurationPlatforms) = postSolution
		{6D199FB0-1C63-4869-B960-2BF759211370}.Debug|Any CPU.ActiveCfg = Debug|Any CPU
		{6D199FB0-1C63-4869-B960-2BF759211370}.Debug|Any CPU.Build.0 = Debug|Any CPU
		{6D199FB0-1C63-4869-B960-2BF759211370}.Release|Any CPU.ActiveCfg = Release|Any CPU
		{6D199FB0-1C63-4869-B960-2BF759211370}.Release|Any CPU.Build.0 = Release|Any CPU
	EndGlobalSection
	GlobalSection(SolutionProperties) = preSolution
		HideSolutionNode = FALSE
	EndGlobalSection
	GlobalSection(ExtensibilityGlobals) = postSolution
		SolutionGuid = {235FA8A9-83A0-47A6-92E1-4C22CA1F31F7}
	EndGlobalSection
EndGlobal
